
Microsoft Visual Studio Solution File, Format Version 12.00
# Visual Studio 15
VisualStudioVersion = 15.0.27703.2042
MinimumVisualStudioVersion = 10.0.40219.1
Project("{8BC9CEB8-8B4A-11D0-8D11-00A0C91BC942}") = "SAXPY", "SAXPY\SAXPY.vcxproj", "{2B34E314-CD06-41BC-A4F7-D0DCF92892EF}"
EndProject
Global
	GlobalSection(SolutionConfigurationPlatforms) = preSolution
		Debug|x64 = Debug|x64
		Debug|x86 = Debug|x86
		Release|x64 = Release|x64
		Release|x86 = Release|x86
	EndGlobalSection
	GlobalSection(ProjectConfigurationPlatforms) = postSolution
		{2B34E314-CD06-41BC-A4F7-D0DCF92892EF}.Debug|x64.ActiveCfg = Debug|x64
		{2B34E314-CD06-41BC-A4F7-D0DCF92892EF}.Debug|x64.Build.0 = Debug|x64
		{2B34E314-CD06-41BC-A4F7-D0DCF92892EF}.Debug|x86.ActiveCfg = Debug|Win32
		{2B34E314-CD06-41BC-A4F7-D0DCF92892EF}.Debug|x86.Build.0 = Debug|Win32
		{2B34E314-CD06-41BC-A4F7-D0DCF92892EF}.Release|x64.ActiveCfg = Release|x64
		{2B34E314-CD06-41BC-A4F7-D0DCF92892EF}.Release|x64.Build.0 = Release|x64
		{2B34E314-CD06-41BC-A4F7-D0DCF92892EF}.Release|x86.ActiveCfg = Release|x64
		{2B34E314-CD06-41BC-A4F7-D0DCF92892EF}.Release|x86.Build.0 = Release|x64
	EndGlobalSection
	GlobalSection(SolutionProperties) = preSolution
		HideSolutionNode = FALSE
	EndGlobalSection
	GlobalSection(ExtensibilityGlobals) = postSolution
		SolutionGuid = {A1B27415-2EDC-4684-B27D-291D7CFE8C5B}
	EndGlobalSection
EndGlobal
